
Microsoft Visual Studio Solution File, Format Version 12.00
# Visual Studio Version 16
VisualStudioVersion = 16.0.31129.286
MinimumVisualStudioVersion = 10.0.40219.1
Project("{FAE04EC0-301F-11D3-BF4B-00C04F79EFBC}") = "TextAnalysis", "TextAnalysis\TextAnalysis.csproj", "{DC23F47F-DADB-4955-B512-75BB289A92D7}"
EndProject
Global
	GlobalSection(SolutionConfigurationPlatforms) = preSolution
		Debug|Any CPU = Debug|Any CPU
		Release|Any CPU = Release|Any CPU
	EndGlobalSection
	GlobalSection(ProjectConfigurationPlatforms) = postSolution
		{DC23F47F-DADB-4955-B512-75BB289A92D7}.Debug|Any CPU.ActiveCfg = Debug|Any CPU
		{DC23F47F-DADB-4955-B512-75BB289A92D7}.Debug|Any CPU.Build.0 = Debug|Any CPU
		{DC23F47F-DADB-4955-B512-75BB289A92D7}.Release|Any CPU.ActiveCfg = Release|Any CPU
		{DC23F47F-DADB-4955-B512-75BB289A92D7}.Release|Any CPU.Build.0 = Release|Any CPU
	EndGlobalSection
	GlobalSection(SolutionProperties) = preSolution
		HideSolutionNode = FALSE
	EndGlobalSection
	GlobalSection(ExtensibilityGlobals) = postSolution
		SolutionGuid = {601E3F6B-94E7-41C9-A110-BAE0B8333CF4}
	EndGlobalSection
EndGlobal
