
Microsoft Visual Studio Solution File, Format Version 12.00
# Visual Studio Version 16
VisualStudioVersion = 16.0.30907.101
MinimumVisualStudioVersion = 10.0.40219.1
Project("{FAE04EC0-301F-11D3-BF4B-00C04F79EFBC}") = "ExternalLibraryApplication", "ExternalLibraryApplication\ExternalLibraryApplication.csproj", "{DCFCDA24-143E-4FBA-9F39-EFD43C4E9DBD}"
EndProject
Global
	GlobalSection(SolutionConfigurationPlatforms) = preSolution
		Debug|Any CPU = Debug|Any CPU
		Release|Any CPU = Release|Any CPU
	EndGlobalSection
	GlobalSection(ProjectConfigurationPlatforms) = postSolution
		{DCFCDA24-143E-4FBA-9F39-EFD43C4E9DBD}.Debug|Any CPU.ActiveCfg = Debug|Any CPU
		{DCFCDA24-143E-4FBA-9F39-EFD43C4E9DBD}.Debug|Any CPU.Build.0 = Debug|Any CPU
		{DCFCDA24-143E-4FBA-9F39-EFD43C4E9DBD}.Release|Any CPU.ActiveCfg = Release|Any CPU
		{DCFCDA24-143E-4FBA-9F39-EFD43C4E9DBD}.Release|Any CPU.Build.0 = Release|Any CPU
	EndGlobalSection
	GlobalSection(SolutionProperties) = preSolution
		HideSolutionNode = FALSE
	EndGlobalSection
	GlobalSection(ExtensibilityGlobals) = postSolution
		SolutionGuid = {0DC85117-E397-435C-AD77-EF2A09C82102}
	EndGlobalSection
EndGlobal
