
Microsoft Visual Studio Solution File, Format Version 12.00
# Visual Studio Version 16
VisualStudioVersion = 16.0.31129.286
MinimumVisualStudioVersion = 10.0.40219.1
Project("{9A19103F-16F7-4668-BE54-9A1E7A4F7556}") = "PizzaTime", "PizzaTime\PizzaTime.csproj", "{B13C6456-AA31-437A-B3F2-7B2613A38118}"
EndProject
Global
	GlobalSection(SolutionConfigurationPlatforms) = preSolution
		Debug|Any CPU = Debug|Any CPU
		Release|Any CPU = Release|Any CPU
	EndGlobalSection
	GlobalSection(ProjectConfigurationPlatforms) = postSolution
		{B13C6456-AA31-437A-B3F2-7B2613A38118}.Debug|Any CPU.ActiveCfg = Debug|Any CPU
		{B13C6456-AA31-437A-B3F2-7B2613A38118}.Debug|Any CPU.Build.0 = Debug|Any CPU
		{B13C6456-AA31-437A-B3F2-7B2613A38118}.Release|Any CPU.ActiveCfg = Release|Any CPU
		{B13C6456-AA31-437A-B3F2-7B2613A38118}.Release|Any CPU.Build.0 = Release|Any CPU
	EndGlobalSection
	GlobalSection(SolutionProperties) = preSolution
		HideSolutionNode = FALSE
	EndGlobalSection
	GlobalSection(ExtensibilityGlobals) = postSolution
		SolutionGuid = {94DDFB3F-2836-4D1D-BA74-32DC1A4B1AD1}
	EndGlobalSection
EndGlobal
